{
  "name": "important",
  "version": "0.0.0",
  "lockfileVersion": 1,
  "requires": true,
  "dependencies": {
    "@types/axios": {
      "version": "0.14.0",
      "resolved": "https://registry.npmjs.org/@types/axios/-/axios-0.14.0.tgz",
      "integrity": "sha1-7CMA++fX3d1+udOr+HmZlkyvzkY=",
      "requires": {
        "axios": "*"
      }
    },
    "adm-zip": {
      "version": "0.5.5",
      "resolved": "https://registry.npmjs.org/adm-zip/-/adm-zip-0.5.5.tgz",
      "integrity": "sha512-IWwXKnCbirdbyXSfUDvCCrmYrOHANRZcc8NcRrvTlIApdl7PwE9oGcsYvNeJPAVY1M+70b4PxXGKIf8AEuiQ6w=="
    },
    "aws-sdk": {
      "version": "2.1.50",
      "resolved": "https://registry.npmjs.org/aws-sdk/-/aws-sdk-2.1.50.tgz",
      "integrity": "sha1-Zd3CuEDmkCEIftNfKC1jKgUpShs=",
      "requires": {
        "sax": "0.5.3",
        "xml2js": "0.2.8",
        "xmlbuilder": "0.4.2"
      }
    },
    "axios": {
      "version": "0.21.1",
      "resolved": "https://registry.npmjs.org/axios/-/axios-0.21.1.tgz",
      "integrity": "sha512-dKQiRHxGD9PPRIUNIWvZhPTPpl1rf/OxTYKsqKUDjBwYylTvV7SjSHJb9ratfyzM6wCdLCOYLzs73qpg5c4iGA==",
      "requires": {
        "follow-redirects": "^1.10.0"
      }
    },
    "axios-stream": {
      "version": "1.0.17",
      "resolved": "https://registry.npmjs.org/axios-stream/-/axios-stream-1.0.17.tgz",
      "integrity": "sha512-6XfoSISPxVMrrsoAo4zRpKJfo7+XdYR+D8B/TbIxaRjIPBxz4CFPdkp1U/nXeXtT1X9BZkcxLH3DInVEncewwQ==",
      "requires": {
        "@types/axios": "^0.14.0",
        "axios": "^0.20.0"
      },
      "dependencies": {
        "axios": {
          "version": "0.20.0",
          "resolved": "https://registry.npmjs.org/axios/-/axios-0.20.0.tgz",
          "integrity": "sha512-ANA4rr2BDcmmAQLOKft2fufrtuvlqR+cXNNinUmvfeSNCOF98PZL+7M/v1zIdGo7OLjEA9J2gXJL+j4zGsl0bA==",
          "requires": {
            "follow-redirects": "^1.10.0"
          }
        }
      }
    },
    "fake-file-generator": {
      "version": "1.1.1",
      "resolved": "https://registry.npmjs.org/fake-file-generator/-/fake-file-generator-1.1.1.tgz",
      "integrity": "sha512-+sRWDdzHKVm62e8kDUsxLhiC9e8YyfO/al+LuQvX4WRrNiTUZklGq+lPllL2dSHeU+V5mPK6cs6oD3lLNWbXTQ=="
    },
    "follow-redirects": {
      "version": "1.14.1",
      "resolved": "https://registry.npmjs.org/follow-redirects/-/follow-redirects-1.14.1.tgz",
      "integrity": "sha512-HWqDgT7ZEkqRzBvc2s64vSZ/hfOceEol3ac/7tKwzuvEyWx3/4UegXh5oBOIotkGsObyk3xznnSRVADBgWSQVg=="
    },
    "fs-extra": {
      "version": "10.0.0",
      "resolved": "https://registry.npmjs.org/fs-extra/-/fs-extra-10.0.0.tgz",
      "integrity": "sha512-C5owb14u9eJwizKGdchcDUQeFtlSHHthBk8pbX9Vc1PFZrLombudjDnNns88aYslCyF6IY5SUw3Roz6xShcEIQ==",
      "requires": {
        "graceful-fs": "^4.2.0",
        "jsonfile": "^6.0.1",
        "universalify": "^2.0.0"
      }
    },
    "graceful-fs": {
      "version": "4.2.6",
      "resolved": "https://registry.npmjs.org/graceful-fs/-/graceful-fs-4.2.6.tgz",
      "integrity": "sha512-nTnJ528pbqxYanhpDYsi4Rd8MAeaBA67+RZ10CM1m3bTAVFEDcd5AuA4a6W5YkGZ1iNXHzZz8T6TBKLeBuNriQ=="
    },
    "jsonfile": {
      "version": "6.1.0",
      "resolved": "https://registry.npmjs.org/jsonfile/-/jsonfile-6.1.0.tgz",
      "integrity": "sha512-5dgndWOriYSm5cnYaJNhalLNDKOqFwyDB/rr1E9ZsGciGvKPs8R2xYGCacuf3z6K1YKDz182fd+fY3cn3pMqXQ==",
      "requires": {
        "graceful-fs": "^4.1.6",
        "universalify": "^2.0.0"
      }
    },
    "node-downloader-helper": {
      "version": "1.0.18",
      "resolved": "https://registry.npmjs.org/node-downloader-helper/-/node-downloader-helper-1.0.18.tgz",
      "integrity": "sha512-C7hxYz/yg4d8DFVC6c4fMIOI7jywbpQHOznkax/74F8NcC8wSOLO+UxNMcwds/5wEL8W+RPXT9C389w3bDOMxw=="
    },
    "sax": {
      "version": "0.5.3",
      "resolved": "https://registry.npmjs.org/sax/-/sax-0.5.3.tgz",
      "integrity": "sha1-N3NxSg2RV8qqcwKXHvpcbc2lUtY="
    },
    "universalify": {
      "version": "2.0.0",
      "resolved": "https://registry.npmjs.org/universalify/-/universalify-2.0.0.tgz",
      "integrity": "sha512-hAZsKq7Yy11Zu1DE0OzWjw7nnLZmJZYTDZZyEFHZdUhV8FkH5MCfoU1XMaxXovpyW5nq5scPqq0ZDP9Zyl04oQ=="
    },
    "xml2js": {
      "version": "0.2.8",
      "resolved": "https://registry.npmjs.org/xml2js/-/xml2js-0.2.8.tgz",
      "integrity": "sha1-m4FpCTFjH/CdGVdUn69U9PmAs8I=",
      "requires": {
        "sax": "0.5.x"
      }
    },
    "xmlbuilder": {
      "version": "0.4.2",
      "resolved": "https://registry.npmjs.org/xmlbuilder/-/xmlbuilder-0.4.2.tgz",
      "integrity": "sha1-F3bWXz/brUcKCNhgTN6xxOVA/4M="
    }
  }
}
